
Microsoft Visual Studio Solution File, Format Version 12.00
# Visual Studio Version 16
VisualStudioVersion = 16.0.31402.337
MinimumVisualStudioVersion = 10.0.40219.1
Project("{FAE04EC0-301F-11D3-BF4B-00C04F79EFBC}") = "MecProj", "MecProj\MecProj.csproj", "{7977EF77-C12B-4B34-A423-065850D1E55E}"
EndProject
Global
	GlobalSection(SolutionConfigurationPlatforms) = preSolution
		Debug|Any CPU = Debug|Any CPU
		Release|Any CPU = Release|Any CPU
	EndGlobalSection
	GlobalSection(ProjectConfigurationPlatforms) = postSolution
		{7977EF77-C12B-4B34-A423-065850D1E55E}.Debug|Any CPU.ActiveCfg = Debug|Any CPU
		{7977EF77-C12B-4B34-A423-065850D1E55E}.Debug|Any CPU.Build.0 = Debug|Any CPU
		{7977EF77-C12B-4B34-A423-065850D1E55E}.Release|Any CPU.ActiveCfg = Release|Any CPU
		{7977EF77-C12B-4B34-A423-065850D1E55E}.Release|Any CPU.Build.0 = Release|Any CPU
	EndGlobalSection
	GlobalSection(SolutionProperties) = preSolution
		HideSolutionNode = FALSE
	EndGlobalSection
	GlobalSection(ExtensibilityGlobals) = postSolution
		SolutionGuid = {0C74D8D1-B426-40A0-93E0-96DE95DFCED9}
	EndGlobalSection
EndGlobal
